# This file is automatically @generated by Poetry 1.7.1 and should not be changed by hand.

[[package]]
name = "neo4j"
version = "5.17.0"
description = "Neo4j Bolt driver for Python"
optional = false
python-versions = ">=3.7"
files = [
    {file = "neo4j-5.17.0.tar.gz", hash = "sha256:dcd7150a0c3834a89a6e27505e614f340376f31c97c48ba60dc70a220ee85e3b"},
]

[package.dependencies]
pytz = "*"

[package.extras]
numpy = ["numpy (>=1.7.0,<2.0.0)"]
pandas = ["numpy (>=1.7.0,<2.0.0)", "pandas (>=1.1.0,<3.0.0)"]
pyarrow = ["pyarrow (>=1.0.0)"]

[[package]]
name = "pytz"
version = "2024.1"
description = "World timezone definitions, modern and historical"
optional = false
python-versions = "*"
files = [
    {file = "pytz-2024.1-py2.py3-none-any.whl", hash = "sha256:328171f4e3623139da4983451950b28e95ac706e13f3f2630a879749e7a8b319"},
    {file = "pytz-2024.1.tar.gz", hash = "sha256:2a29735ea9c18baf14b448846bde5a48030ed267578472d8955cd0e7443a9812"},
]

[metadata]
lock-version = "2.0"
python-versions = ">=3.7"
content-hash = "4638595b14c9dedbce42766fd4745866b8011e8cd03967f27d170a0200602437"
